
Microsoft Visual Studio Solution File, Format Version 12.00
Project("{2150E333-8FDC-42A3-9474-1A3956D46DE8}") = "Core", "Core", "{0149C52F-7873-404F-A8C0-39073D3A67F2}"
EndProject
Project("{FAE04EC0-301F-11D3-BF4B-00C04F79EFBC}") = "EASV.PetShop.Domain", "EASV.PetShop.Domain\EASV.PetShop.Domain.csproj", "{241CE822-94EB-4F2A-BFEA-3FFFC008FFEE}"
EndProject
Project("{2150E333-8FDC-42A3-9474-1A3956D46DE8}") = "Infrastructure", "Infrastructure", "{CB9AB8C7-1F1C-4F9B-B75B-A155ECE38160}"
EndProject
Project("{2150E333-8FDC-42A3-9474-1A3956D46DE8}") = "UI", "UI", "{0C61DB34-229D-4739-A9C5-EE5415224FF8}"
EndProject
Project("{FAE04EC0-301F-11D3-BF4B-00C04F79EFBC}") = "EASV.PetShop.Core", "EASV.PetShop.Core\EASV.PetShop.Core.csproj", "{B9542D73-1E58-4477-97BB-1AEA74DDFF52}"
EndProject
Project("{FAE04EC0-301F-11D3-BF4B-00C04F79EFBC}") = "EASV.PetShop.WebApi", "EASV.PetShop.WebApi\EASV.PetShop.WebApi.csproj", "{16A4DD67-5365-4E99-BE6E-F6FDD8CEDDAB}"
EndProject
Project("{FAE04EC0-301F-11D3-BF4B-00C04F79EFBC}") = "EASV.PetShop.SQL", "EASV.PetShop.SQL\EASV.PetShop.SQL.csproj", "{88F9A0D8-A4C7-47FF-A1F2-71218A3EDCAA}"
EndProject
Project("{2150E333-8FDC-42A3-9474-1A3956D46DE8}") = "Security", "Security", "{EFC12D68-E760-4ED3-A20F-EFDCEB2CDAFF}"
EndProject
Project("{FAE04EC0-301F-11D3-BF4B-00C04F79EFBC}") = "Security", "Security\Security.csproj", "{1A20B84B-E24B-4D98-A575-F651A881A11B}"
EndProject

Global
	GlobalSection(SolutionConfigurationPlatforms) = preSolution
		Debug|Any CPU = Debug|Any CPU
		Release|Any CPU = Release|Any CPU
	EndGlobalSection
	GlobalSection(ProjectConfigurationPlatforms) = postSolution
		{F523390E-C07E-4BB2-9ABF-236BA1B3851F}.Debug|Any CPU.ActiveCfg = Debug|Any CPU
		{F523390E-C07E-4BB2-9ABF-236BA1B3851F}.Debug|Any CPU.Build.0 = Debug|Any CPU
		{F523390E-C07E-4BB2-9ABF-236BA1B3851F}.Release|Any CPU.ActiveCfg = Release|Any CPU
		{F523390E-C07E-4BB2-9ABF-236BA1B3851F}.Release|Any CPU.Build.0 = Release|Any CPU
		{241CE822-94EB-4F2A-BFEA-3FFFC008FFEE}.Debug|Any CPU.ActiveCfg = Debug|Any CPU
		{241CE822-94EB-4F2A-BFEA-3FFFC008FFEE}.Debug|Any CPU.Build.0 = Debug|Any CPU
		{241CE822-94EB-4F2A-BFEA-3FFFC008FFEE}.Release|Any CPU.ActiveCfg = Release|Any CPU
		{241CE822-94EB-4F2A-BFEA-3FFFC008FFEE}.Release|Any CPU.Build.0 = Release|Any CPU
		{B9542D73-1E58-4477-97BB-1AEA74DDFF52}.Debug|Any CPU.ActiveCfg = Debug|Any CPU
		{B9542D73-1E58-4477-97BB-1AEA74DDFF52}.Debug|Any CPU.Build.0 = Debug|Any CPU
		{B9542D73-1E58-4477-97BB-1AEA74DDFF52}.Release|Any CPU.ActiveCfg = Release|Any CPU
		{B9542D73-1E58-4477-97BB-1AEA74DDFF52}.Release|Any CPU.Build.0 = Release|Any CPU
		{16A4DD67-5365-4E99-BE6E-F6FDD8CEDDAB}.Debug|Any CPU.ActiveCfg = Debug|Any CPU
		{16A4DD67-5365-4E99-BE6E-F6FDD8CEDDAB}.Debug|Any CPU.Build.0 = Debug|Any CPU
		{16A4DD67-5365-4E99-BE6E-F6FDD8CEDDAB}.Release|Any CPU.ActiveCfg = Release|Any CPU
		{16A4DD67-5365-4E99-BE6E-F6FDD8CEDDAB}.Release|Any CPU.Build.0 = Release|Any CPU
		{6BBF2B48-ED44-4237-984C-54D6133E887E}.Debug|Any CPU.ActiveCfg = Debug|Any CPU
		{6BBF2B48-ED44-4237-984C-54D6133E887E}.Debug|Any CPU.Build.0 = Debug|Any CPU
		{6BBF2B48-ED44-4237-984C-54D6133E887E}.Release|Any CPU.ActiveCfg = Release|Any CPU
		{6BBF2B48-ED44-4237-984C-54D6133E887E}.Release|Any CPU.Build.0 = Release|Any CPU
		{88F9A0D8-A4C7-47FF-A1F2-71218A3EDCAA}.Debug|Any CPU.ActiveCfg = Debug|Any CPU
		{88F9A0D8-A4C7-47FF-A1F2-71218A3EDCAA}.Debug|Any CPU.Build.0 = Debug|Any CPU
		{88F9A0D8-A4C7-47FF-A1F2-71218A3EDCAA}.Release|Any CPU.ActiveCfg = Release|Any CPU
		{88F9A0D8-A4C7-47FF-A1F2-71218A3EDCAA}.Release|Any CPU.Build.0 = Release|Any CPU
		{1A20B84B-E24B-4D98-A575-F651A881A11B}.Debug|Any CPU.ActiveCfg = Debug|Any CPU
		{1A20B84B-E24B-4D98-A575-F651A881A11B}.Debug|Any CPU.Build.0 = Debug|Any CPU
		{1A20B84B-E24B-4D98-A575-F651A881A11B}.Release|Any CPU.ActiveCfg = Release|Any CPU
		{1A20B84B-E24B-4D98-A575-F651A881A11B}.Release|Any CPU.Build.0 = Release|Any CPU
	EndGlobalSection
	GlobalSection(NestedProjects) = preSolution
		{F523390E-C07E-4BB2-9ABF-236BA1B3851F} = {0149C52F-7873-404F-A8C0-39073D3A67F2}
		{241CE822-94EB-4F2A-BFEA-3FFFC008FFEE} = {0149C52F-7873-404F-A8C0-39073D3A67F2}
		{B9542D73-1E58-4477-97BB-1AEA74DDFF52} = {0149C52F-7873-404F-A8C0-39073D3A67F2}
		{16A4DD67-5365-4E99-BE6E-F6FDD8CEDDAB} = {0C61DB34-229D-4739-A9C5-EE5415224FF8}
		{6BBF2B48-ED44-4237-984C-54D6133E887E} = {CB9AB8C7-1F1C-4F9B-B75B-A155ECE38160}
		{88F9A0D8-A4C7-47FF-A1F2-71218A3EDCAA} = {CB9AB8C7-1F1C-4F9B-B75B-A155ECE38160}
		{1A20B84B-E24B-4D98-A575-F651A881A11B} = {EFC12D68-E760-4ED3-A20F-EFDCEB2CDAFF}
	EndGlobalSection
EndGlobal
