
Microsoft Visual Studio Solution File, Format Version 12.00
Project("{2150E333-8FDC-42A3-9474-1A3956D46DE8}") = "Core", "Core", "{0149C52F-7873-404F-A8C0-39073D3A67F2}"
EndProject
Project("{FAE04EC0-301F-11D3-BF4B-00C04F79EFBC}") = "EASV.PetShop.Domain", "EASV.PetShop.Domain\EASV.PetShop.Domain.csproj", "{241CE822-94EB-4F2A-BFEA-3FFFC008FFEE}"
EndProject
Project("{2150E333-8FDC-42A3-9474-1A3956D46DE8}") = "Infrastructure", "Infrastructure", "{CB9AB8C7-1F1C-4F9B-B75B-A155ECE38160}"
EndProject
Project("{2150E333-8FDC-42A3-9474-1A3956D46DE8}") = "UI", "UI", "{0C61DB34-229D-4739-A9C5-EE5415224FF8}"
EndProject
Project("{FAE04EC0-301F-11D3-BF4B-00C04F79EFBC}") = "EASV.PetShop.UI", "EASV.PetShop.UI\EASV.PetShop.UI.csproj", "{FA9C71F7-B7E8-4FE2-AFED-61C12C996F5C}"
EndProject
Project("{FAE04EC0-301F-11D3-BF4B-00C04F79EFBC}") = "EASV.PetShop.DataAccess", "EASV.PetShop.DataAccess\EASV.PetShop.DataAccess.csproj", "{BC53967D-AB42-40D7-975F-0C6B16A00BB8}"
EndProject
Project("{FAE04EC0-301F-11D3-BF4B-00C04F79EFBC}") = "EASV.PetShop.Core", "EASV.PetShop.Core\EASV.PetShop.Core.csproj", "{B9542D73-1E58-4477-97BB-1AEA74DDFF52}"
EndProject
Global
	GlobalSection(SolutionConfigurationPlatforms) = preSolution
		Debug|Any CPU = Debug|Any CPU
		Release|Any CPU = Release|Any CPU
	EndGlobalSection
	GlobalSection(ProjectConfigurationPlatforms) = postSolution
		{F523390E-C07E-4BB2-9ABF-236BA1B3851F}.Debug|Any CPU.ActiveCfg = Debug|Any CPU
		{F523390E-C07E-4BB2-9ABF-236BA1B3851F}.Debug|Any CPU.Build.0 = Debug|Any CPU
		{F523390E-C07E-4BB2-9ABF-236BA1B3851F}.Release|Any CPU.ActiveCfg = Release|Any CPU
		{F523390E-C07E-4BB2-9ABF-236BA1B3851F}.Release|Any CPU.Build.0 = Release|Any CPU
		{241CE822-94EB-4F2A-BFEA-3FFFC008FFEE}.Debug|Any CPU.ActiveCfg = Debug|Any CPU
		{241CE822-94EB-4F2A-BFEA-3FFFC008FFEE}.Debug|Any CPU.Build.0 = Debug|Any CPU
		{241CE822-94EB-4F2A-BFEA-3FFFC008FFEE}.Release|Any CPU.ActiveCfg = Release|Any CPU
		{241CE822-94EB-4F2A-BFEA-3FFFC008FFEE}.Release|Any CPU.Build.0 = Release|Any CPU
		{FA9C71F7-B7E8-4FE2-AFED-61C12C996F5C}.Debug|Any CPU.ActiveCfg = Debug|Any CPU
		{FA9C71F7-B7E8-4FE2-AFED-61C12C996F5C}.Debug|Any CPU.Build.0 = Debug|Any CPU
		{FA9C71F7-B7E8-4FE2-AFED-61C12C996F5C}.Release|Any CPU.ActiveCfg = Release|Any CPU
		{FA9C71F7-B7E8-4FE2-AFED-61C12C996F5C}.Release|Any CPU.Build.0 = Release|Any CPU
		{BC53967D-AB42-40D7-975F-0C6B16A00BB8}.Debug|Any CPU.ActiveCfg = Debug|Any CPU
		{BC53967D-AB42-40D7-975F-0C6B16A00BB8}.Debug|Any CPU.Build.0 = Debug|Any CPU
		{BC53967D-AB42-40D7-975F-0C6B16A00BB8}.Release|Any CPU.ActiveCfg = Release|Any CPU
		{BC53967D-AB42-40D7-975F-0C6B16A00BB8}.Release|Any CPU.Build.0 = Release|Any CPU
		{B9542D73-1E58-4477-97BB-1AEA74DDFF52}.Debug|Any CPU.ActiveCfg = Debug|Any CPU
		{B9542D73-1E58-4477-97BB-1AEA74DDFF52}.Debug|Any CPU.Build.0 = Debug|Any CPU
		{B9542D73-1E58-4477-97BB-1AEA74DDFF52}.Release|Any CPU.ActiveCfg = Release|Any CPU
		{B9542D73-1E58-4477-97BB-1AEA74DDFF52}.Release|Any CPU.Build.0 = Release|Any CPU
	EndGlobalSection
	GlobalSection(NestedProjects) = preSolution
		{F523390E-C07E-4BB2-9ABF-236BA1B3851F} = {0149C52F-7873-404F-A8C0-39073D3A67F2}
		{241CE822-94EB-4F2A-BFEA-3FFFC008FFEE} = {0149C52F-7873-404F-A8C0-39073D3A67F2}
		{FA9C71F7-B7E8-4FE2-AFED-61C12C996F5C} = {0C61DB34-229D-4739-A9C5-EE5415224FF8}
		{BC53967D-AB42-40D7-975F-0C6B16A00BB8} = {CB9AB8C7-1F1C-4F9B-B75B-A155ECE38160}
		{B9542D73-1E58-4477-97BB-1AEA74DDFF52} = {0149C52F-7873-404F-A8C0-39073D3A67F2}
	EndGlobalSection
EndGlobal
